{
  "name": "SII-22",
  "lockfileVersion": 2,
  "requires": true,
  "packages": {
    "": {
      "dependencies": {
        "leaflet-geoserver-request": "^1.2.2"
      }
    },
    "node_modules/leaflet-geoserver-request": {
      "version": "1.2.2",
      "resolved": "https://registry.npmjs.org/leaflet-geoserver-request/-/leaflet-geoserver-request-1.2.2.tgz",
      "integrity": "sha512-SBMx4I9ukXaAQfhMk7upZOaA9UUBEKlbQPk5THYydPraav4DzrYaYElVbslHXeNmP62W1lnjGSmGVl8BciyGWg=="
    }
  },
  "dependencies": {
    "leaflet-geoserver-request": {
      "version": "1.2.2",
      "resolved": "https://registry.npmjs.org/leaflet-geoserver-request/-/leaflet-geoserver-request-1.2.2.tgz",
      "integrity": "sha512-SBMx4I9ukXaAQfhMk7upZOaA9UUBEKlbQPk5THYydPraav4DzrYaYElVbslHXeNmP62W1lnjGSmGVl8BciyGWg=="
    }
  }
}
